
Microsoft Visual Studio Solution File, Format Version 12.00
# Visual Studio Version 17
VisualStudioVersion = 17.14.36705.20
MinimumVisualStudioVersion = 10.0.40219.1
Project("{FAE04EC0-301F-11D3-BF4B-00C04F79EFBC}") = "unit1", "unit1\unit1.csproj", "{F71626C3-8A69-4AFD-AA01-118054C99097}"
EndProject
Project("{FAE04EC0-301F-11D3-BF4B-00C04F79EFBC}") = "prog3", "prog3\prog3.csproj", "{3CFB9AB1-34A0-4E17-9215-D4EADBA0A57E}"
EndProject
Project("{FAE04EC0-301F-11D3-BF4B-00C04F79EFBC}") = "prog4", "prog4\prog4.csproj", "{93C14DA0-1027-4589-B997-767FDE8916FD}"
EndProject
Project("{FAE04EC0-301F-11D3-BF4B-00C04F79EFBC}") = "prog3.2", "prog3.2\prog3.2.csproj", "{049250F6-0E78-4937-B498-9601F2A7E401}"
EndProject
Project("{FAE04EC0-301F-11D3-BF4B-00C04F79EFBC}") = "prog9", "prog9\prog9.csproj", "{D575C6F7-AC83-4B95-902F-A013CF5ADA87}"
EndProject
Project("{FAE04EC0-301F-11D3-BF4B-00C04F79EFBC}") = "progg9", "progg9\progg9.csproj", "{DFEF2C30-103C-4A3A-BE7E-B69A5ABBCFD3}"
EndProject
Project("{FAE04EC0-301F-11D3-BF4B-00C04F79EFBC}") = "prog10", "prog10\prog10.csproj", "{3D3B04A6-98A9-4838-8731-6E20A6DDB288}"
EndProject
Project("{FAE04EC0-301F-11D3-BF4B-00C04F79EFBC}") = "prog11", "prog11\prog11.csproj", "{802BF7FB-5D87-40DB-B56A-4310B6E05DD5}"
EndProject
Project("{FAE04EC0-301F-11D3-BF4B-00C04F79EFBC}") = "prog12", "prog12\prog12.csproj", "{965680D2-EA93-4702-9EA2-7A374A093ACD}"
EndProject
Project("{FAE04EC0-301F-11D3-BF4B-00C04F79EFBC}") = "prog13", "prog13\prog13.csproj", "{7E4CB851-EBAF-4823-9EC2-E38FAB243349}"
EndProject
Project("{FAE04EC0-301F-11D3-BF4B-00C04F79EFBC}") = "prog14", "prog14\prog14.csproj", "{8526B478-ED1F-4C8B-A81E-BA810F5ED96A}"
EndProject
Project("{FAE04EC0-301F-11D3-BF4B-00C04F79EFBC}") = "prog15", "prog15\prog15.csproj", "{58DA1698-0245-454B-BBFF-7AF0DDDBAD1E}"
EndProject
Project("{FAE04EC0-301F-11D3-BF4B-00C04F79EFBC}") = "array", "array\array.csproj", "{ACAFB90A-753E-4F2C-84F7-CA8D565CA2BD}"
EndProject
Project("{FAE04EC0-301F-11D3-BF4B-00C04F79EFBC}") = "prog16", "prog16\prog16.csproj", "{30F74C61-88C1-47B5-AB5E-F5E086A494E4}"
EndProject
Project("{FAE04EC0-301F-11D3-BF4B-00C04F79EFBC}") = "prog19", "prog18\prog19.csproj", "{5C022CC9-700F-4CEE-A7EE-94C768FFC8C1}"
EndProject
Project("{FAE04EC0-301F-11D3-BF4B-00C04F79EFBC}") = "prog_18", "prog_18\prog_18.csproj", "{72ED0C50-2DF2-4026-95CF-3AF30567D086}"
EndProject
Project("{FAE04EC0-301F-11D3-BF4B-00C04F79EFBC}") = "unit4_p1", "unit4\unit4_p1.csproj", "{F4F62C97-B64C-4081-8EF1-3193F7486493}"
EndProject
Project("{FAE04EC0-301F-11D3-BF4B-00C04F79EFBC}") = "prog6", "prog6\prog6.csproj", "{1AC8B6FC-C804-47E6-A7EA-0D23154D8340}"
EndProject
Project("{FAE04EC0-301F-11D3-BF4B-00C04F79EFBC}") = "prog7", "prog7\prog7.csproj", "{55EB6962-4FFF-4E37-B7C5-1E578D42C737}"
EndProject
Global
	GlobalSection(SolutionConfigurationPlatforms) = preSolution
		Debug|Any CPU = Debug|Any CPU
		Release|Any CPU = Release|Any CPU
	EndGlobalSection
	GlobalSection(ProjectConfigurationPlatforms) = postSolution
		{F71626C3-8A69-4AFD-AA01-118054C99097}.Debug|Any CPU.ActiveCfg = Debug|Any CPU
		{F71626C3-8A69-4AFD-AA01-118054C99097}.Debug|Any CPU.Build.0 = Debug|Any CPU
		{F71626C3-8A69-4AFD-AA01-118054C99097}.Release|Any CPU.ActiveCfg = Release|Any CPU
		{F71626C3-8A69-4AFD-AA01-118054C99097}.Release|Any CPU.Build.0 = Release|Any CPU
		{3CFB9AB1-34A0-4E17-9215-D4EADBA0A57E}.Debug|Any CPU.ActiveCfg = Debug|Any CPU
		{3CFB9AB1-34A0-4E17-9215-D4EADBA0A57E}.Debug|Any CPU.Build.0 = Debug|Any CPU
		{3CFB9AB1-34A0-4E17-9215-D4EADBA0A57E}.Release|Any CPU.ActiveCfg = Release|Any CPU
		{3CFB9AB1-34A0-4E17-9215-D4EADBA0A57E}.Release|Any CPU.Build.0 = Release|Any CPU
		{93C14DA0-1027-4589-B997-767FDE8916FD}.Debug|Any CPU.ActiveCfg = Debug|Any CPU
		{93C14DA0-1027-4589-B997-767FDE8916FD}.Debug|Any CPU.Build.0 = Debug|Any CPU
		{93C14DA0-1027-4589-B997-767FDE8916FD}.Release|Any CPU.ActiveCfg = Release|Any CPU
		{93C14DA0-1027-4589-B997-767FDE8916FD}.Release|Any CPU.Build.0 = Release|Any CPU
		{049250F6-0E78-4937-B498-9601F2A7E401}.Debug|Any CPU.ActiveCfg = Debug|Any CPU
		{049250F6-0E78-4937-B498-9601F2A7E401}.Debug|Any CPU.Build.0 = Debug|Any CPU
		{049250F6-0E78-4937-B498-9601F2A7E401}.Release|Any CPU.ActiveCfg = Release|Any CPU
		{049250F6-0E78-4937-B498-9601F2A7E401}.Release|Any CPU.Build.0 = Release|Any CPU
		{D575C6F7-AC83-4B95-902F-A013CF5ADA87}.Debug|Any CPU.ActiveCfg = Debug|Any CPU
		{D575C6F7-AC83-4B95-902F-A013CF5ADA87}.Debug|Any CPU.Build.0 = Debug|Any CPU
		{D575C6F7-AC83-4B95-902F-A013CF5ADA87}.Release|Any CPU.ActiveCfg = Release|Any CPU
		{D575C6F7-AC83-4B95-902F-A013CF5ADA87}.Release|Any CPU.Build.0 = Release|Any CPU
		{DFEF2C30-103C-4A3A-BE7E-B69A5ABBCFD3}.Debug|Any CPU.ActiveCfg = Debug|Any CPU
		{DFEF2C30-103C-4A3A-BE7E-B69A5ABBCFD3}.Debug|Any CPU.Build.0 = Debug|Any CPU
		{DFEF2C30-103C-4A3A-BE7E-B69A5ABBCFD3}.Release|Any CPU.ActiveCfg = Release|Any CPU
		{DFEF2C30-103C-4A3A-BE7E-B69A5ABBCFD3}.Release|Any CPU.Build.0 = Release|Any CPU
		{3D3B04A6-98A9-4838-8731-6E20A6DDB288}.Debug|Any CPU.ActiveCfg = Debug|Any CPU
		{3D3B04A6-98A9-4838-8731-6E20A6DDB288}.Debug|Any CPU.Build.0 = Debug|Any CPU
		{3D3B04A6-98A9-4838-8731-6E20A6DDB288}.Release|Any CPU.ActiveCfg = Release|Any CPU
		{3D3B04A6-98A9-4838-8731-6E20A6DDB288}.Release|Any CPU.Build.0 = Release|Any CPU
		{802BF7FB-5D87-40DB-B56A-4310B6E05DD5}.Debug|Any CPU.ActiveCfg = Debug|Any CPU
		{802BF7FB-5D87-40DB-B56A-4310B6E05DD5}.Debug|Any CPU.Build.0 = Debug|Any CPU
		{802BF7FB-5D87-40DB-B56A-4310B6E05DD5}.Release|Any CPU.ActiveCfg = Release|Any CPU
		{802BF7FB-5D87-40DB-B56A-4310B6E05DD5}.Release|Any CPU.Build.0 = Release|Any CPU
		{965680D2-EA93-4702-9EA2-7A374A093ACD}.Debug|Any CPU.ActiveCfg = Debug|Any CPU
		{965680D2-EA93-4702-9EA2-7A374A093ACD}.Debug|Any CPU.Build.0 = Debug|Any CPU
		{965680D2-EA93-4702-9EA2-7A374A093ACD}.Release|Any CPU.ActiveCfg = Release|Any CPU
		{965680D2-EA93-4702-9EA2-7A374A093ACD}.Release|Any CPU.Build.0 = Release|Any CPU
		{7E4CB851-EBAF-4823-9EC2-E38FAB243349}.Debug|Any CPU.ActiveCfg = Debug|Any CPU
		{7E4CB851-EBAF-4823-9EC2-E38FAB243349}.Debug|Any CPU.Build.0 = Debug|Any CPU
		{7E4CB851-EBAF-4823-9EC2-E38FAB243349}.Release|Any CPU.ActiveCfg = Release|Any CPU
		{7E4CB851-EBAF-4823-9EC2-E38FAB243349}.Release|Any CPU.Build.0 = Release|Any CPU
		{8526B478-ED1F-4C8B-A81E-BA810F5ED96A}.Debug|Any CPU.ActiveCfg = Debug|Any CPU
		{8526B478-ED1F-4C8B-A81E-BA810F5ED96A}.Debug|Any CPU.Build.0 = Debug|Any CPU
		{8526B478-ED1F-4C8B-A81E-BA810F5ED96A}.Release|Any CPU.ActiveCfg = Release|Any CPU
		{8526B478-ED1F-4C8B-A81E-BA810F5ED96A}.Release|Any CPU.Build.0 = Release|Any CPU
		{58DA1698-0245-454B-BBFF-7AF0DDDBAD1E}.Debug|Any CPU.ActiveCfg = Debug|Any CPU
		{58DA1698-0245-454B-BBFF-7AF0DDDBAD1E}.Debug|Any CPU.Build.0 = Debug|Any CPU
		{58DA1698-0245-454B-BBFF-7AF0DDDBAD1E}.Release|Any CPU.ActiveCfg = Release|Any CPU
		{58DA1698-0245-454B-BBFF-7AF0DDDBAD1E}.Release|Any CPU.Build.0 = Release|Any CPU
		{ACAFB90A-753E-4F2C-84F7-CA8D565CA2BD}.Debug|Any CPU.ActiveCfg = Debug|Any CPU
		{ACAFB90A-753E-4F2C-84F7-CA8D565CA2BD}.Debug|Any CPU.Build.0 = Debug|Any CPU
		{ACAFB90A-753E-4F2C-84F7-CA8D565CA2BD}.Release|Any CPU.ActiveCfg = Release|Any CPU
		{ACAFB90A-753E-4F2C-84F7-CA8D565CA2BD}.Release|Any CPU.Build.0 = Release|Any CPU
		{30F74C61-88C1-47B5-AB5E-F5E086A494E4}.Debug|Any CPU.ActiveCfg = Debug|Any CPU
		{30F74C61-88C1-47B5-AB5E-F5E086A494E4}.Debug|Any CPU.Build.0 = Debug|Any CPU
		{30F74C61-88C1-47B5-AB5E-F5E086A494E4}.Release|Any CPU.ActiveCfg = Release|Any CPU
		{30F74C61-88C1-47B5-AB5E-F5E086A494E4}.Release|Any CPU.Build.0 = Release|Any CPU
		{5C022CC9-700F-4CEE-A7EE-94C768FFC8C1}.Debug|Any CPU.ActiveCfg = Debug|Any CPU
		{5C022CC9-700F-4CEE-A7EE-94C768FFC8C1}.Debug|Any CPU.Build.0 = Debug|Any CPU
		{5C022CC9-700F-4CEE-A7EE-94C768FFC8C1}.Release|Any CPU.ActiveCfg = Release|Any CPU
		{5C022CC9-700F-4CEE-A7EE-94C768FFC8C1}.Release|Any CPU.Build.0 = Release|Any CPU
		{72ED0C50-2DF2-4026-95CF-3AF30567D086}.Debug|Any CPU.ActiveCfg = Debug|Any CPU
		{72ED0C50-2DF2-4026-95CF-3AF30567D086}.Debug|Any CPU.Build.0 = Debug|Any CPU
		{72ED0C50-2DF2-4026-95CF-3AF30567D086}.Release|Any CPU.ActiveCfg = Release|Any CPU
		{72ED0C50-2DF2-4026-95CF-3AF30567D086}.Release|Any CPU.Build.0 = Release|Any CPU
		{F4F62C97-B64C-4081-8EF1-3193F7486493}.Debug|Any CPU.ActiveCfg = Debug|Any CPU
		{F4F62C97-B64C-4081-8EF1-3193F7486493}.Debug|Any CPU.Build.0 = Debug|Any CPU
		{F4F62C97-B64C-4081-8EF1-3193F7486493}.Release|Any CPU.ActiveCfg = Release|Any CPU
		{F4F62C97-B64C-4081-8EF1-3193F7486493}.Release|Any CPU.Build.0 = Release|Any CPU
		{1AC8B6FC-C804-47E6-A7EA-0D23154D8340}.Debug|Any CPU.ActiveCfg = Debug|Any CPU
		{1AC8B6FC-C804-47E6-A7EA-0D23154D8340}.Debug|Any CPU.Build.0 = Debug|Any CPU
		{1AC8B6FC-C804-47E6-A7EA-0D23154D8340}.Release|Any CPU.ActiveCfg = Release|Any CPU
		{1AC8B6FC-C804-47E6-A7EA-0D23154D8340}.Release|Any CPU.Build.0 = Release|Any CPU
		{55EB6962-4FFF-4E37-B7C5-1E578D42C737}.Debug|Any CPU.ActiveCfg = Debug|Any CPU
		{55EB6962-4FFF-4E37-B7C5-1E578D42C737}.Debug|Any CPU.Build.0 = Debug|Any CPU
		{55EB6962-4FFF-4E37-B7C5-1E578D42C737}.Release|Any CPU.ActiveCfg = Release|Any CPU
		{55EB6962-4FFF-4E37-B7C5-1E578D42C737}.Release|Any CPU.Build.0 = Release|Any CPU
	EndGlobalSection
	GlobalSection(SolutionProperties) = preSolution
		HideSolutionNode = FALSE
	EndGlobalSection
	GlobalSection(ExtensibilityGlobals) = postSolution
		SolutionGuid = {C835C838-13C9-445A-9712-6AC379513B88}
	EndGlobalSection
EndGlobal
